
Microsoft Visual Studio Solution File, Format Version 12.00
# Visual Studio 15
VisualStudioVersion = 15.0.26228.4
MinimumVisualStudioVersion = 10.0.40219.1
Project("{FAE04EC0-301F-11D3-BF4B-00C04F79EFBC}") = "Yield", "Yield\Yield.csproj", "{4450115C-2282-4E55-AB17-63BF37DC937C}"
EndProject
Project("{FAE04EC0-301F-11D3-BF4B-00C04F79EFBC}") = "Delegates", "Delegates\Delegates.csproj", "{7FCC2466-A239-4127-BA70-3029383346DC}"
EndProject
Project("{FAE04EC0-301F-11D3-BF4B-00C04F79EFBC}") = "Abstract", "Abstract\Abstract.csproj", "{CDA01096-5647-418F-A306-DAB0B16B6A5E}"
EndProject
Global
	GlobalSection(SolutionConfigurationPlatforms) = preSolution
		Debug|Any CPU = Debug|Any CPU
		Release|Any CPU = Release|Any CPU
	EndGlobalSection
	GlobalSection(ProjectConfigurationPlatforms) = postSolution
		{4450115C-2282-4E55-AB17-63BF37DC937C}.Debug|Any CPU.ActiveCfg = Debug|Any CPU
		{4450115C-2282-4E55-AB17-63BF37DC937C}.Debug|Any CPU.Build.0 = Debug|Any CPU
		{4450115C-2282-4E55-AB17-63BF37DC937C}.Release|Any CPU.ActiveCfg = Release|Any CPU
		{4450115C-2282-4E55-AB17-63BF37DC937C}.Release|Any CPU.Build.0 = Release|Any CPU
		{7FCC2466-A239-4127-BA70-3029383346DC}.Debug|Any CPU.ActiveCfg = Debug|Any CPU
		{7FCC2466-A239-4127-BA70-3029383346DC}.Debug|Any CPU.Build.0 = Debug|Any CPU
		{7FCC2466-A239-4127-BA70-3029383346DC}.Release|Any CPU.ActiveCfg = Release|Any CPU
		{7FCC2466-A239-4127-BA70-3029383346DC}.Release|Any CPU.Build.0 = Release|Any CPU
		{CDA01096-5647-418F-A306-DAB0B16B6A5E}.Debug|Any CPU.ActiveCfg = Debug|Any CPU
		{CDA01096-5647-418F-A306-DAB0B16B6A5E}.Debug|Any CPU.Build.0 = Debug|Any CPU
		{CDA01096-5647-418F-A306-DAB0B16B6A5E}.Release|Any CPU.ActiveCfg = Release|Any CPU
		{CDA01096-5647-418F-A306-DAB0B16B6A5E}.Release|Any CPU.Build.0 = Release|Any CPU
	EndGlobalSection
	GlobalSection(SolutionProperties) = preSolution
		HideSolutionNode = FALSE
	EndGlobalSection
EndGlobal
